
Microsoft Visual Studio Solution File, Format Version 12.00
# Visual Studio Version 17
VisualStudioVersion = 17.10.35027.167
MinimumVisualStudioVersion = 10.0.40219.1
Project("{FAE04EC0-301F-11D3-BF4B-00C04F79EFBC}") = "Answer 4 dice", "Answer 4 dice\Answer 4 dice.csproj", "{A7C00839-ED2F-453D-8181-38936818946F}"
EndProject
Global
	GlobalSection(SolutionConfigurationPlatforms) = preSolution
		Debug|Any CPU = Debug|Any CPU
		Release|Any CPU = Release|Any CPU
	EndGlobalSection
	GlobalSection(ProjectConfigurationPlatforms) = postSolution
		{A7C00839-ED2F-453D-8181-38936818946F}.Debug|Any CPU.ActiveCfg = Debug|Any CPU
		{A7C00839-ED2F-453D-8181-38936818946F}.Debug|Any CPU.Build.0 = Debug|Any CPU
		{A7C00839-ED2F-453D-8181-38936818946F}.Release|Any CPU.ActiveCfg = Release|Any CPU
		{A7C00839-ED2F-453D-8181-38936818946F}.Release|Any CPU.Build.0 = Release|Any CPU
	EndGlobalSection
	GlobalSection(SolutionProperties) = preSolution
		HideSolutionNode = FALSE
	EndGlobalSection
	GlobalSection(ExtensibilityGlobals) = postSolution
		SolutionGuid = {711740A1-3246-40AB-91CA-C1EC301C6EBA}
	EndGlobalSection
EndGlobal
